
Microsoft Visual Studio Solution File, Format Version 12.00
# Visual Studio 15
VisualStudioVersion = 15.0.28010.2016
MinimumVisualStudioVersion = 10.0.40219.1
Project("{FAE04EC0-301F-11D3-BF4B-00C04F79EFBC}") = "WpfApp1", "WpfApp1\WpfApp1.csproj", "{A376D8B5-866E-4D29-8962-7636D4C52FD6}"
EndProject
Global
	GlobalSection(SolutionConfigurationPlatforms) = preSolution
		Debug|Any CPU = Debug|Any CPU
		Release|Any CPU = Release|Any CPU
	EndGlobalSection
	GlobalSection(ProjectConfigurationPlatforms) = postSolution
		{A376D8B5-866E-4D29-8962-7636D4C52FD6}.Debug|Any CPU.ActiveCfg = Debug|Any CPU
		{A376D8B5-866E-4D29-8962-7636D4C52FD6}.Debug|Any CPU.Build.0 = Debug|Any CPU
		{A376D8B5-866E-4D29-8962-7636D4C52FD6}.Release|Any CPU.ActiveCfg = Release|Any CPU
		{A376D8B5-866E-4D29-8962-7636D4C52FD6}.Release|Any CPU.Build.0 = Release|Any CPU
	EndGlobalSection
	GlobalSection(SolutionProperties) = preSolution
		HideSolutionNode = FALSE
	EndGlobalSection
	GlobalSection(ExtensibilityGlobals) = postSolution
		SolutionGuid = {FA5842E8-481B-4A24-8B27-1FE532DF837E}
	EndGlobalSection
EndGlobal
